
Microsoft Visual Studio Solution File, Format Version 12.00
# Visual Studio Version 16
VisualStudioVersion = 16.0.32929.386
MinimumVisualStudioVersion = 10.0.40219.1
Project("{FAE04EC0-301F-11D3-BF4B-00C04F79EFBC}") = "WpfTutorialSeries", "WpfTutorialSeries\WpfTutorialSeries.csproj", "{37B194A2-C93D-40F9-8D9E-9FFDE251CF49}"
EndProject
Project("{930C7802-8A8C-48F9-8165-68863BCCD9DD}") = "WPFWorld", "WPFWorld\WPFWorld.wixproj", "{F9738B05-41F0-4DD2-98B7-B89EE55365D2}"
EndProject
Global
	GlobalSection(SolutionConfigurationPlatforms) = preSolution
		Debug|Any CPU = Debug|Any CPU
		Debug|x86 = Debug|x86
		Release|Any CPU = Release|Any CPU
		Release|x86 = Release|x86
	EndGlobalSection
	GlobalSection(ProjectConfigurationPlatforms) = postSolution
		{37B194A2-C93D-40F9-8D9E-9FFDE251CF49}.Debug|Any CPU.ActiveCfg = Debug|Any CPU
		{37B194A2-C93D-40F9-8D9E-9FFDE251CF49}.Debug|Any CPU.Build.0 = Debug|Any CPU
		{37B194A2-C93D-40F9-8D9E-9FFDE251CF49}.Debug|x86.ActiveCfg = Debug|Any CPU
		{37B194A2-C93D-40F9-8D9E-9FFDE251CF49}.Debug|x86.Build.0 = Debug|Any CPU
		{37B194A2-C93D-40F9-8D9E-9FFDE251CF49}.Release|Any CPU.ActiveCfg = Release|Any CPU
		{37B194A2-C93D-40F9-8D9E-9FFDE251CF49}.Release|Any CPU.Build.0 = Release|Any CPU
		{37B194A2-C93D-40F9-8D9E-9FFDE251CF49}.Release|x86.ActiveCfg = Release|Any CPU
		{37B194A2-C93D-40F9-8D9E-9FFDE251CF49}.Release|x86.Build.0 = Release|Any CPU
		{F9738B05-41F0-4DD2-98B7-B89EE55365D2}.Debug|Any CPU.ActiveCfg = Debug|x86
		{F9738B05-41F0-4DD2-98B7-B89EE55365D2}.Debug|x86.ActiveCfg = Debug|x86
		{F9738B05-41F0-4DD2-98B7-B89EE55365D2}.Debug|x86.Build.0 = Debug|x86
		{F9738B05-41F0-4DD2-98B7-B89EE55365D2}.Release|Any CPU.ActiveCfg = Release|x86
		{F9738B05-41F0-4DD2-98B7-B89EE55365D2}.Release|x86.ActiveCfg = Release|x86
		{F9738B05-41F0-4DD2-98B7-B89EE55365D2}.Release|x86.Build.0 = Release|x86
	EndGlobalSection
	GlobalSection(SolutionProperties) = preSolution
		HideSolutionNode = FALSE
	EndGlobalSection
	GlobalSection(ExtensibilityGlobals) = postSolution
		SolutionGuid = {2DF9B659-D5F4-440A-98B4-F07729A98B2B}
	EndGlobalSection
EndGlobal
